
Microsoft Visual Studio Solution File, Format Version 12.00
# Visual Studio 15
Project("{FAE04EC0-301F-11D3-BF4B-00C04F79EFBC}") = "Spotflix_GUI", "Spotflix_GUI.csproj", "{84441AF0-18A2-40AC-8621-8D736F59E91C}"
EndProject
Global
	GlobalSection(SolutionConfigurationPlatforms) = preSolution
		Debug|anycpu = Debug|anycpu
		Release|anycpu = Release|anycpu
	EndGlobalSection
	GlobalSection(ProjectConfigurationPlatforms) = postSolution
		{84441AF0-18A2-40AC-8621-8D736F59E91C}.Debug|anycpu.ActiveCfg = Debug|anycpu
		{84441AF0-18A2-40AC-8621-8D736F59E91C}.Debug|anycpu.Build.0 = Debug|anycpu
		{84441AF0-18A2-40AC-8621-8D736F59E91C}.Release|anycpu.ActiveCfg = Release|anycpu
		{84441AF0-18A2-40AC-8621-8D736F59E91C}.Release|anycpu.Build.0 = Release|anycpu
	EndGlobalSection
EndGlobal
