
Microsoft Visual Studio Solution File, Format Version 12.00
# Visual Studio 15
Project("{FAE04EC0-301F-11D3-BF4B-00C04F79EFBC}") = "Proyecto", "Proyecto.csproj", "{FA370818-6DB4-4204-BA2E-369551DCBEA1}"
EndProject
Global
	GlobalSection(SolutionConfigurationPlatforms) = preSolution
		Debug|anycpu = Debug|anycpu
		Release|anycpu = Release|anycpu
	EndGlobalSection
	GlobalSection(ProjectConfigurationPlatforms) = postSolution
		{FA370818-6DB4-4204-BA2E-369551DCBEA1}.Debug|anycpu.ActiveCfg = Debug|anycpu
		{FA370818-6DB4-4204-BA2E-369551DCBEA1}.Debug|anycpu.Build.0 = Debug|anycpu
		{FA370818-6DB4-4204-BA2E-369551DCBEA1}.Release|anycpu.ActiveCfg = Release|anycpu
		{FA370818-6DB4-4204-BA2E-369551DCBEA1}.Release|anycpu.Build.0 = Release|anycpu
	EndGlobalSection
EndGlobal
